
Microsoft Visual Studio Solution File, Format Version 12.00
# Visual Studio Version 17
VisualStudioVersion = 17.14.36414.22
MinimumVisualStudioVersion = 10.0.40219.1
Project("{FAE04EC0-301F-11D3-BF4B-00C04F79EFBC}") = "WebApp", "WebApp.csproj", "{305F866E-E7FE-4554-B2CB-202F1167D718}"
EndProject
Global
	GlobalSection(SolutionConfigurationPlatforms) = preSolution
		Debug|Any CPU = Debug|Any CPU
		Release|Any CPU = Release|Any CPU
	EndGlobalSection
	GlobalSection(ProjectConfigurationPlatforms) = postSolution
		{305F866E-E7FE-4554-B2CB-202F1167D718}.Debug|Any CPU.ActiveCfg = Debug|Any CPU
		{305F866E-E7FE-4554-B2CB-202F1167D718}.Debug|Any CPU.Build.0 = Debug|Any CPU
		{305F866E-E7FE-4554-B2CB-202F1167D718}.Release|Any CPU.ActiveCfg = Release|Any CPU
		{305F866E-E7FE-4554-B2CB-202F1167D718}.Release|Any CPU.Build.0 = Release|Any CPU
	EndGlobalSection
	GlobalSection(SolutionProperties) = preSolution
		HideSolutionNode = FALSE
	EndGlobalSection
	GlobalSection(ExtensibilityGlobals) = postSolution
		SolutionGuid = {08AE921A-4C6A-4FC7-821F-5F88D7D4072A}
	EndGlobalSection
EndGlobal
